// !$*UTF8*$!
{
	archiveVersion = 1;
	classes = {
	};
	objectVersion = 55;
	objects = {

/* Begin PBXBuildFile section */
		4AAA77FC274769E500BAD54B /* GithubActionDemo in Frameworks */ = {isa = PBXBuildFile; productRef = 4AAA77FB274769E500BAD54B /* GithubActionDemo */; };
		4AAF5A2C27467BF300A84378 /* AppDelegate.swift in Sources */ = {isa = PBXBuildFile; fileRef = 4AAF5A2B27467BF300A84378 /* AppDelegate.swift */; };
		4AAF5A2E27467BF300A84378 /* SceneDelegate.swift in Sources */ = {isa = PBXBuildFile; fileRef = 4AAF5A2D27467BF300A84378 /* SceneDelegate.swift */; };
		4AAF5A3027467BF300A84378 /* ViewController.swift in Sources */ = {isa = PBXBuildFile; fileRef = 4AAF5A2F27467BF300A84378 /* ViewController.swift */; };
		4AAF5A3327467BF300A84378 /* Main.storyboard in Resources */ = {isa = PBXBuildFile; fileRef = 4AAF5A3127467BF300A84378 /* Main.storyboard */; };
		4AAF5A3527467BF600A84378 /* Assets.xcassets in Resources */ = {isa = PBXBuildFile; fileRef = 4AAF5A3427467BF600A84378 /* Assets.xcassets */; };
		4AAF5A3827467BF600A84378 /* LaunchScreen.storyboard in Resources */ = {isa = PBXBuildFile; fileRef = 4AAF5A3627467BF600A84378 /* LaunchScreen.storyboard */; };
		B2A5015DC1DCB8CD28D2B5B6 /* Pods_GithubActionDemo.framework in Frameworks */ = {isa = PBXBuildFile; fileRef = 9BB13C04727345C49DB2D4FD /* Pods_GithubActionDemo.framework */; };
/* End PBXBuildFile section */

/* Begin PBXFileReference section */
		4AAF5A2827467BF300A84378 /* GithubActionDemo.app */ = {isa = PBXFileReference; explicitFileType = wrapper.application; includeInIndex = 0; path = GithubActionDemo.app; sourceTree = BUILT_PRODUCTS_DIR; };
		4AAF5A2B27467BF300A84378 /* AppDelegate.swift */ = {isa = PBXFileReference; lastKnownFileType = sourcecode.swift; path = AppDelegate.swift; sourceTree = "<group>"; };
		4AAF5A2D27467BF300A84378 /* SceneDelegate.swift */ = {isa = PBXFileReference; lastKnownFileType = sourcecode.swift; path = SceneDelegate.swift; sourceTree = "<group>"; };
		4AAF5A2F27467BF300A84378 /* ViewController.swift */ = {isa = PBXFileReference; lastKnownFileType = sourcecode.swift; path = ViewController.swift; sourceTree = "<group>"; };
		4AAF5A3227467BF300A84378 /* Base */ = {isa = PBXFileReference; lastKnownFileType = file.storyboard; name = Base; path = Base.lproj/Main.storyboard; sourceTree = "<group>"; };
		4AAF5A3427467BF600A84378 /* Assets.xcassets */ = {isa = PBXFileReference; lastKnownFileType = folder.assetcatalog; path = Assets.xcassets; sourceTree = "<group>"; };
		4AAF5A3727467BF600A84378 /* Base */ = {isa = PBXFileReference; lastKnownFileType = file.storyboard; name = Base; path = Base.lproj/LaunchScreen.storyboard; sourceTree = "<group>"; };
		4AAF5A3927467BF600A84378 /* Info.plist */ = {isa = PBXFileReference; lastKnownFileType = text.plist.xml; path = Info.plist; sourceTree = "<group>"; };
		9BB13C04727345C49DB2D4FD /* Pods_GithubActionDemo.framework */ = {isa = PBXFileReference; explicitFileType = wrapper.framework; includeInIndex = 0; path = Pods_GithubActionDemo.framework; sourceTree = BUILT_PRODUCTS_DIR; };
		9BE7D1E41AFC4DF3FBC8C915 /* Pods-GithubActionDemo.debug.xcconfig */ = {isa = PBXFileReference; includeInIndex = 1; lastKnownFileType = text.xcconfig; name = "Pods-GithubActionDemo.debug.xcconfig"; path = "Target Support Files/Pods-GithubActionDemo/Pods-GithubActionDemo.debug.xcconfig"; sourceTree = "<group>"; };
		FAFA1EEA9BB367A40FF88648 /* Pods-GithubActionDemo.release.xcconfig */ = {isa = PBXFileReference; includeInIndex = 1; lastKnownFileType = text.xcconfig; name = "Pods-GithubActionDemo.release.xcconfig"; path = "Target Support Files/Pods-GithubActionDemo/Pods-GithubActionDemo.release.xcconfig"; sourceTree = "<group>"; };
/* End PBXFileReference section */

/* Begin PBXFrameworksBuildPhase section */
		4AAF5A2527467BF300A84378 /* Frameworks */ = {
			isa = PBXFrameworksBuildPhase;
			buildActionMask = 2147483647;
			files = (
				4AAA77FC274769E500BAD54B /* GithubActionDemo in Frameworks */,
				B2A5015DC1DCB8CD28D2B5B6 /* Pods_GithubActionDemo.framework in Frameworks */,
			);
			runOnlyForDeploymentPostprocessing = 0;
		};
/* End PBXFrameworksBuildPhase section */

/* Begin PBXGroup section */
		03D75D04351904F7C957DD37 /* Pods */ = {
			isa = PBXGroup;
			children = (
				9BE7D1E41AFC4DF3FBC8C915 /* Pods-GithubActionDemo.debug.xcconfig */,
				FAFA1EEA9BB367A40FF88648 /* Pods-GithubActionDemo.release.xcconfig */,
			);
			name = Pods;
			path = Pods;
			sourceTree = "<group>";
		};
		4AAF5A1F27467BF300A84378 = {
			isa = PBXGroup;
			children = (
				4AAF5A2A27467BF300A84378 /* GithubActionDemo */,
				4AAF5A2927467BF300A84378 /* Products */,
				03D75D04351904F7C957DD37 /* Pods */,
				BBA915904424C32CF43A1FAF /* Frameworks */,
			);
			sourceTree = "<group>";
		};
		4AAF5A2927467BF300A84378 /* Products */ = {
			isa = PBXGroup;
			children = (
				4AAF5A2827467BF300A84378 /* GithubActionDemo.app */,
			);
			name = Products;
			sourceTree = "<group>";
		};
		4AAF5A2A27467BF300A84378 /* GithubActionDemo */ = {
			isa = PBXGroup;
			children = (
				4AAF5A2B27467BF300A84378 /* AppDelegate.swift */,
				4AAF5A2D27467BF300A84378 /* SceneDelegate.swift */,
				4AAF5A2F27467BF300A84378 /* ViewController.swift */,
				4AAF5A3127467BF300A84378 /* Main.storyboard */,
				4AAF5A3427467BF600A84378 /* Assets.xcassets */,
				4AAF5A3627467BF600A84378 /* LaunchScreen.storyboard */,
				4AAF5A3927467BF600A84378 /* Info.plist */,
			);
			path = GithubActionDemo;
			sourceTree = "<group>";
		};
		BBA915904424C32CF43A1FAF /* Frameworks */ = {
			isa = PBXGroup;
			children = (
				9BB13C04727345C49DB2D4FD /* Pods_GithubActionDemo.framework */,
			);
			name = Frameworks;
			sourceTree = "<group>";
		};
/* End PBXGroup section */

/* Begin PBXNativeTarget section */
		4AAF5A2727467BF300A84378 /* GithubActionDemo */ = {
			isa = PBXNativeTarget;
			buildConfigurationList = 4AAF5A3C27467BF600A84378 /* Build configuration list for PBXNativeTarget "GithubActionDemo" */;
			buildPhases = (
				50A6F8ABE0C3F767893FD69C /* [CP] Check Pods Manifest.lock */,
				4AAF5A2427467BF300A84378 /* Sources */,
				4AAF5A2527467BF300A84378 /* Frameworks */,
				4AAF5A2627467BF300A84378 /* Resources */,
			);
			buildRules = (
			);
			dependencies = (
			);
			name = GithubActionDemo;
			packageProductDependencies = (
				4AAA77FB274769E500BAD54B /* GithubActionDemo */,
			);
			productName = GithubActionDemo;
			productReference = 4AAF5A2827467BF300A84378 /* GithubActionDemo.app */;
			productType = "com.apple.product-type.application";
		};
/* End PBXNativeTarget section */

/* Begin PBXProject section */
		4AAF5A2027467BF300A84378 /* Project object */ = {
			isa = PBXProject;
			attributes = {
				BuildIndependentTargetsInParallel = 1;
				LastSwiftUpdateCheck = 1300;
				LastUpgradeCheck = 1300;
				TargetAttributes = {
					4AAF5A2727467BF300A84378 = {
						CreatedOnToolsVersion = 13.0;
					};
				};
			};
			buildConfigurationList = 4AAF5A2327467BF300A84378 /* Build configuration list for PBXProject "GithubActionDemo" */;
			compatibilityVersion = "Xcode 13.0";
			developmentRegion = en;
			hasScannedForEncodings = 0;
			knownRegions = (
				en,
				Base,
			);
			mainGroup = 4AAF5A1F27467BF300A84378;
			packageReferences = (
				4AAA77FA274769E500BAD54B /* XCRemoteSwiftPackageReference "GithubActionDemo" */,
			);
			productRefGroup = 4AAF5A2927467BF300A84378 /* Products */;
			projectDirPath = "";
			projectRoot = "";
			targets = (
				4AAF5A2727467BF300A84378 /* GithubActionDemo */,
			);
		};
/* End PBXProject section */

/* Begin PBXResourcesBuildPhase section */
		4AAF5A2627467BF300A84378 /* Resources */ = {
			isa = PBXResourcesBuildPhase;
			buildActionMask = 2147483647;
			files = (
				4AAF5A3827467BF600A84378 /* LaunchScreen.storyboard in Resources */,
				4AAF5A3527467BF600A84378 /* Assets.xcassets in Resources */,
				4AAF5A3327467BF300A84378 /* Main.storyboard in Resources */,
			);
			runOnlyForDeploymentPostprocessing = 0;
		};
/* End PBXResourcesBuildPhase section */

/* Begin PBXShellScriptBuildPhase section */
		50A6F8ABE0C3F767893FD69C /* [CP] Check Pods Manifest.lock */ = {
			isa = PBXShellScriptBuildPhase;
			buildActionMask = 2147483647;
			files = (
			);
			inputFileListPaths = (
			);
			inputPaths = (
				"${PODS_PODFILE_DIR_PATH}/Podfile.lock",
				"${PODS_ROOT}/Manifest.lock",
			);
			name = "[CP] Check Pods Manifest.lock";
			outputFileListPaths = (
			);
			outputPaths = (
				"$(DERIVED_FILE_DIR)/Pods-GithubActionDemo-checkManifestLockResult.txt",
			);
			runOnlyForDeploymentPostprocessing = 0;
			shellPath = /bin/sh;
			shellScript = "diff \"${PODS_PODFILE_DIR_PATH}/Podfile.lock\" \"${PODS_ROOT}/Manifest.lock\" > /dev/null\nif [ $? != 0 ] ; then\n    # print error to STDERR\n    echo \"error: The sandbox is not in sync with the Podfile.lock. Run 'pod install' or update your CocoaPods installation.\" >&2\n    exit 1\nfi\n# This output is used by Xcode 'outputs' to avoid re-running this script phase.\necho \"SUCCESS\" > \"${SCRIPT_OUTPUT_FILE_0}\"\n";
			showEnvVarsInLog = 0;
		};
/* End PBXShellScriptBuildPhase section */

/* Begin PBXSourcesBuildPhase section */
		4AAF5A2427467BF300A84378 /* Sources */ = {
			isa = PBXSourcesBuildPhase;
			buildActionMask = 2147483647;
			files = (
				4AAF5A3027467BF300A84378 /* ViewController.swift in Sources */,
				4AAF5A2C27467BF300A84378 /* AppDelegate.swift in Sources */,
				4AAF5A2E27467BF300A84378 /* SceneDelegate.swift in Sources */,
			);
			runOnlyForDeploymentPostprocessing = 0;
		};
/* End PBXSourcesBuildPhase section */

/* Begin PBXVariantGroup section */
		4AAF5A3127467BF300A84378 /* Main.storyboard */ = {
			isa = PBXVariantGroup;
			children = (
				4AAF5A3227467BF300A84378 /* Base */,
			);
			name = Main.storyboard;
			sourceTree = "<group>";
		};
		4AAF5A3627467BF600A84378 /* LaunchScreen.storyboard */ = {
			isa = PBXVariantGroup;
			children = (
				4AAF5A3727467BF600A84378 /* Base */,
			);
			name = LaunchScreen.storyboard;
			sourceTree = "<group>";
		};
/* End PBXVariantGroup section */

/* Begin XCBuildConfiguration section */
		4AAF5A3A27467BF600A84378 /* Debug */ = {
			isa = XCBuildConfiguration;
			buildSettings = {
				ALWAYS_SEARCH_USER_PATHS = NO;
				CLANG_ANALYZER_NONNULL = YES;
				CLANG_ANALYZER_NUMBER_OBJECT_CONVERSION = YES_AGGRESSIVE;
				CLANG_CXX_LANGUAGE_STANDARD = "gnu++17";
				CLANG_CXX_LIBRARY = "libc++";
				CLANG_ENABLE_MODULES = YES;
				CLANG_ENABLE_OBJC_ARC = YES;
				CLANG_ENABLE_OBJC_WEAK = YES;
				CLANG_WARN_BLOCK_CAPTURE_AUTORELEASING = YES;
				CLANG_WARN_BOOL_CONVERSION = YES;
				CLANG_WARN_COMMA = YES;
				CLANG_WARN_CONSTANT_CONVERSION = YES;
				CLANG_WARN_DEPRECATED_OBJC_IMPLEMENTATIONS = YES;
				CLANG_WARN_DIRECT_OBJC_ISA_USAGE = YES_ERROR;
				CLANG_WARN_DOCUMENTATION_COMMENTS = YES;
				CLANG_WARN_EMPTY_BODY = YES;
				CLANG_WARN_ENUM_CONVERSION = YES;
				CLANG_WARN_INFINITE_RECURSION = YES;
				CLANG_WARN_INT_CONVERSION = YES;
				CLANG_WARN_NON_LITERAL_NULL_CONVERSION = YES;
				CLANG_WARN_OBJC_IMPLICIT_RETAIN_SELF = YES;
				CLANG_WARN_OBJC_LITERAL_CONVERSION = YES;
				CLANG_WARN_OBJC_ROOT_CLASS = YES_ERROR;
				CLANG_WARN_QUOTED_INCLUDE_IN_FRAMEWORK_HEADER = YES;
				CLANG_WARN_RANGE_LOOP_ANALYSIS = YES;
				CLANG_WARN_STRICT_PROTOTYPES = YES;
				CLANG_WARN_SUSPICIOUS_MOVE = YES;
				CLANG_WARN_UNGUARDED_AVAILABILITY = YES_AGGRESSIVE;
				CLANG_WARN_UNREACHABLE_CODE = YES;
				CLANG_WARN__DUPLICATE_METHOD_MATCH = YES;
				COPY_PHASE_STRIP = NO;
				DEBUG_INFORMATION_FORMAT = dwarf;
				ENABLE_STRICT_OBJC_MSGSEND = YES;
				ENABLE_TESTABILITY = YES;
				GCC_C_LANGUAGE_STANDARD = gnu11;
				GCC_DYNAMIC_NO_PIC = NO;
				GCC_NO_COMMON_BLOCKS = YES;
				GCC_OPTIMIZATION_LEVEL = 0;
				GCC_PREPROCESSOR_DEFINITIONS = (
					"DEBUG=1",
					"$(inherited)",
				);
				GCC_WARN_64_TO_32_BIT_CONVERSION = YES;
				GCC_WARN_ABOUT_RETURN_TYPE = YES_ERROR;
				GCC_WARN_UNDECLARED_SELECTOR = YES;
				GCC_WARN_UNINITIALIZED_AUTOS = YES_AGGRESSIVE;
				GCC_WARN_UNUSED_FUNCTION = YES;
				GCC_WARN_UNUSED_VARIABLE = YES;
				IPHONEOS_DEPLOYMENT_TARGET = 12.0;
				MTL_ENABLE_DEBUG_INFO = INCLUDE_SOURCE;
				MTL_FAST_MATH = YES;
				ONLY_ACTIVE_ARCH = YES;
				SDKROOT = iphoneos;
				SWIFT_ACTIVE_COMPILATION_CONDITIONS = DEBUG;
				SWIFT_OPTIMIZATION_LEVEL = "-Onone";
			};
			name = Debug;
		};
		4AAF5A3B27467BF600A84378 /* Release */ = {
			isa = XCBuildConfiguration;
			buildSettings = {
				ALWAYS_SEARCH_USER_PATHS = NO;
				CLANG_ANALYZER_NONNULL = YES;
				CLANG_ANALYZER_NUMBER_OBJECT_CONVERSION = YES_AGGRESSIVE;
				CLANG_CXX_LANGUAGE_STANDARD = "gnu++17";
				CLANG_CXX_LIBRARY = "libc++";
				CLANG_ENABLE_MODULES = YES;
				CLANG_ENABLE_OBJC_ARC = YES;
				CLANG_ENABLE_OBJC_WEAK = YES;
				CLANG_WARN_BLOCK_CAPTURE_AUTORELEASING = YES;
				CLANG_WARN_BOOL_CONVERSION = YES;
				CLANG_WARN_COMMA = YES;
				CLANG_WARN_CONSTANT_CONVERSION = YES;
				CLANG_WARN_DEPRECATED_OBJC_IMPLEMENTATIONS = YES;
				CLANG_WARN_DIRECT_OBJC_ISA_USAGE = YES_ERROR;
				CLANG_WARN_DOCUMENTATION_COMMENTS = YES;
				CLANG_WARN_EMPTY_BODY = YES;
				CLANG_WARN_ENUM_CONVERSION = YES;
				CLANG_WARN_INFINITE_RECURSION = YES;
				CLANG_WARN_INT_CONVERSION = YES;
				CLANG_WARN_NON_LITERAL_NULL_CONVERSION = YES;
				CLANG_WARN_OBJC_IMPLICIT_RETAIN_SELF = YES;
				CLANG_WARN_OBJC_LITERAL_CONVERSION = YES;
				CLANG_WARN_OBJC_ROOT_CLASS = YES_ERROR;
				CLANG_WARN_QUOTED_INCLUDE_IN_FRAMEWORK_HEADER = YES;
				CLANG_WARN_RANGE_LOOP_ANALYSIS = YES;
				CLANG_WARN_STRICT_PROTOTYPES = YES;
				CLANG_WARN_SUSPICIOUS_MOVE = YES;
				CLANG_WARN_UNGUARDED_AVAILABILITY = YES_AGGRESSIVE;
				CLANG_WARN_UNREACHABLE_CODE = YES;
				CLANG_WARN__DUPLICATE_METHOD_MATCH = YES;
				COPY_PHASE_STRIP = NO;
				DEBUG_INFORMATION_FORMAT = "dwarf-with-dsym";
				ENABLE_NS_ASSERTIONS = NO;
				ENABLE_STRICT_OBJC_MSGSEND = YES;
				GCC_C_LANGUAGE_STANDARD = gnu11;
				GCC_NO_COMMON_BLOCKS = YES;
				GCC_WARN_64_TO_32_BIT_CONVERSION = YES;
				GCC_WARN_ABOUT_RETURN_TYPE = YES_ERROR;
				GCC_WARN_UNDECLARED_SELECTOR = YES;
				GCC_WARN_UNINITIALIZED_AUTOS = YES_AGGRESSIVE;
				GCC_WARN_UNUSED_FUNCTION = YES;
				GCC_WARN_UNUSED_VARIABLE = YES;
				IPHONEOS_DEPLOYMENT_TARGET = 12.0;
				MTL_ENABLE_DEBUG_INFO = NO;
				MTL_FAST_MATH = YES;
				SDKROOT = iphoneos;
				SWIFT_COMPILATION_MODE = wholemodule;
				SWIFT_OPTIMIZATION_LEVEL = "-O";
				VALIDATE_PRODUCT = YES;
			};
			name = Release;
		};
		4AAF5A3D27467BF600A84378 /* Debug */ = {
			isa = XCBuildConfiguration;
			baseConfigurationReference = 9BE7D1E41AFC4DF3FBC8C915 /* Pods-GithubActionDemo.debug.xcconfig */;
			buildSettings = {
				ASSETCATALOG_COMPILER_APPICON_NAME = AppIcon;
				ASSETCATALOG_COMPILER_GLOBAL_ACCENT_COLOR_NAME = AccentColor;
				CODE_SIGN_IDENTITY = "Apple Development: Alpesh Vaghasiya (Y4SMTKV2B8)";
				CODE_SIGN_STYLE = Manual;
				CURRENT_PROJECT_VERSION = 1;
				DEVELOPMENT_TEAM = 37QRR9N3P9;
				GENERATE_INFOPLIST_FILE = YES;
				INFOPLIST_FILE = GithubActionDemo/Info.plist;
				INFOPLIST_KEY_UIApplicationSupportsIndirectInputEvents = YES;
				INFOPLIST_KEY_UILaunchStoryboardName = LaunchScreen;
				INFOPLIST_KEY_UIMainStoryboardFile = Main;
				INFOPLIST_KEY_UISupportedInterfaceOrientations_iPad = "UIInterfaceOrientationPortrait UIInterfaceOrientationPortraitUpsideDown UIInterfaceOrientationLandscapeLeft UIInterfaceOrientationLandscapeRight";
				INFOPLIST_KEY_UISupportedInterfaceOrientations_iPhone = "UIInterfaceOrientationPortrait UIInterfaceOrientationLandscapeLeft UIInterfaceOrientationLandscapeRight";
				IPHONEOS_DEPLOYMENT_TARGET = 12.0;
				LD_RUNPATH_SEARCH_PATHS = (
					"$(inherited)",
					"@executable_path/Frameworks",
				);
				MARKETING_VERSION = 1.0;
				PRODUCT_BUNDLE_IDENTIFIER = ds.GithubActionDemo;
				PRODUCT_NAME = "$(TARGET_NAME)";
				PROVISIONING_PROFILE_SPECIFIER = "Artoon Global All Development Aug 2021";
				SWIFT_EMIT_LOC_STRINGS = YES;
				SWIFT_VERSION = 5.0;
				TARGETED_DEVICE_FAMILY = "1,2";
			};
			name = Debug;
		};
		4AAF5A3E27467BF600A84378 /* Release */ = {
			isa = XCBuildConfiguration;
			baseConfigurationReference = FAFA1EEA9BB367A40FF88648 /* Pods-GithubActionDemo.release.xcconfig */;
			buildSettings = {
				ASSETCATALOG_COMPILER_APPICON_NAME = AppIcon;
				ASSETCATALOG_COMPILER_GLOBAL_ACCENT_COLOR_NAME = AccentColor;
				CODE_SIGN_IDENTITY = "Apple Development: Alpesh Vaghasiya (Y4SMTKV2B8)";
				CODE_SIGN_STYLE = Manual;
				CURRENT_PROJECT_VERSION = 1;
				DEVELOPMENT_TEAM = 37QRR9N3P9;
				GENERATE_INFOPLIST_FILE = YES;
				INFOPLIST_FILE = GithubActionDemo/Info.plist;
				INFOPLIST_KEY_UIApplicationSupportsIndirectInputEvents = YES;
				INFOPLIST_KEY_UILaunchStoryboardName = LaunchScreen;
				INFOPLIST_KEY_UIMainStoryboardFile = Main;
				INFOPLIST_KEY_UISupportedInterfaceOrientations_iPad = "UIInterfaceOrientationPortrait UIInterfaceOrientationPortraitUpsideDown UIInterfaceOrientationLandscapeLeft UIInterfaceOrientationLandscapeRight";
				INFOPLIST_KEY_UISupportedInterfaceOrientations_iPhone = "UIInterfaceOrientationPortrait UIInterfaceOrientationLandscapeLeft UIInterfaceOrientationLandscapeRight";
				IPHONEOS_DEPLOYMENT_TARGET = 12.0;
				LD_RUNPATH_SEARCH_PATHS = (
					"$(inherited)",
					"@executable_path/Frameworks",
				);
				MARKETING_VERSION = 1.0;
				PRODUCT_BUNDLE_IDENTIFIER = ds.GithubActionDemo;
				PRODUCT_NAME = "$(TARGET_NAME)";
				PROVISIONING_PROFILE_SPECIFIER = "Artoon Global All Development Aug 2021";
				SWIFT_EMIT_LOC_STRINGS = YES;
				SWIFT_VERSION = 5.0;
				TARGETED_DEVICE_FAMILY = "1,2";
			};
			name = Release;
		};
/* End XCBuildConfiguration section */

/* Begin XCConfigurationList section */
		4AAF5A2327467BF300A84378 /* Build configuration list for PBXProject "GithubActionDemo" */ = {
			isa = XCConfigurationList;
			buildConfigurations = (
				4AAF5A3A27467BF600A84378 /* Debug */,
				4AAF5A3B27467BF600A84378 /* Release */,
			);
			defaultConfigurationIsVisible = 0;
			defaultConfigurationName = Release;
		};
		4AAF5A3C27467BF600A84378 /* Build configuration list for PBXNativeTarget "GithubActionDemo" */ = {
			isa = XCConfigurationList;
			buildConfigurations = (
				4AAF5A3D27467BF600A84378 /* Debug */,
				4AAF5A3E27467BF600A84378 /* Release */,
			);
			defaultConfigurationIsVisible = 0;
			defaultConfigurationName = Release;
		};
/* End XCConfigurationList section */

/* Begin XCRemoteSwiftPackageReference section */
		4AAA77FA274769E500BAD54B /* XCRemoteSwiftPackageReference "GithubActionDemo" */ = {
			isa = XCRemoteSwiftPackageReference;
			repositoryURL = "https://github.com/Savanbeladiya/GithubActionDemo";
			requirement = {
				branch = main;
				kind = branch;
			};
		};
/* End XCRemoteSwiftPackageReference section */

/* Begin XCSwiftPackageProductDependency section */
		4AAA77FB274769E500BAD54B /* GithubActionDemo */ = {
			isa = XCSwiftPackageProductDependency;
			package = 4AAA77FA274769E500BAD54B /* XCRemoteSwiftPackageReference "GithubActionDemo" */;
			productName = GithubActionDemo;
		};
/* End XCSwiftPackageProductDependency section */
	};
	rootObject = 4AAF5A2027467BF300A84378 /* Project object */;
}
