{
  "object": {
    "pins": [
      {
        "package": "GithubActionDemo",
        "repositoryURL": "https://github.com/Savanbeladiya/GithubActionDemo",
        "state": {
          "branch": "main",
          "revision": "b090cfbaeeabef5f6130620dcfeb48d168024c6c",
          "version": null
        }
      }
    ]
  },
  "version": 1
}
