{
  "object": {
    "pins": [
      {
        "package": "GithubActionDemo",
        "repositoryURL": "https://github.com/Savanbeladiya/GithubActionDemo",
        "state": {
          "branch": "main",
          "revision": "f4ef16db2ccb175290b71a6f3b24bb015173780a",
          "version": null
        }
      }
    ]
  },
  "version": 1
}
